// !$*UTF8*$!
{
	archiveVersion = 1;
	classes = {
	};
	objectVersion = 50;
	objects = {

/* Begin PBXBuildFile section */
		2935582B25D6A5EA00A73A15 /* AppDelegate.swift in Sources */ = {isa = PBXBuildFile; fileRef = 2935582A25D6A5EA00A73A15 /* AppDelegate.swift */; };
		2935582D25D6A5EA00A73A15 /* SceneDelegate.swift in Sources */ = {isa = PBXBuildFile; fileRef = 2935582C25D6A5EA00A73A15 /* SceneDelegate.swift */; };
		2935582F25D6A5EA00A73A15 /* ViewController.swift in Sources */ = {isa = PBXBuildFile; fileRef = 2935582E25D6A5EA00A73A15 /* ViewController.swift */; };
		2935583225D6A5EA00A73A15 /* Main.storyboard in Resources */ = {isa = PBXBuildFile; fileRef = 2935583025D6A5EA00A73A15 /* Main.storyboard */; };
		2935583425D6A5EE00A73A15 /* Assets.xcassets in Resources */ = {isa = PBXBuildFile; fileRef = 2935583325D6A5EE00A73A15 /* Assets.xcassets */; };
		2935583725D6A5EE00A73A15 /* LaunchScreen.storyboard in Resources */ = {isa = PBXBuildFile; fileRef = 2935583525D6A5EE00A73A15 /* LaunchScreen.storyboard */; };
		2935584225D6A5EF00A73A15 /* ScrollviewPagingTests.swift in Sources */ = {isa = PBXBuildFile; fileRef = 2935584125D6A5EF00A73A15 /* ScrollviewPagingTests.swift */; };
		2935584D25D6A5EF00A73A15 /* ScrollviewPagingUITests.swift in Sources */ = {isa = PBXBuildFile; fileRef = 2935584C25D6A5EF00A73A15 /* ScrollviewPagingUITests.swift */; };
/* End PBXBuildFile section */

/* Begin PBXContainerItemProxy section */
		2935583E25D6A5EF00A73A15 /* PBXContainerItemProxy */ = {
			isa = PBXContainerItemProxy;
			containerPortal = 2935581F25D6A5EA00A73A15 /* Project object */;
			proxyType = 1;
			remoteGlobalIDString = 2935582625D6A5EA00A73A15;
			remoteInfo = ScrollviewPaging;
		};
		2935584925D6A5EF00A73A15 /* PBXContainerItemProxy */ = {
			isa = PBXContainerItemProxy;
			containerPortal = 2935581F25D6A5EA00A73A15 /* Project object */;
			proxyType = 1;
			remoteGlobalIDString = 2935582625D6A5EA00A73A15;
			remoteInfo = ScrollviewPaging;
		};
/* End PBXContainerItemProxy section */

/* Begin PBXFileReference section */
		2935582725D6A5EA00A73A15 /* ScrollviewPaging.app */ = {isa = PBXFileReference; explicitFileType = wrapper.application; includeInIndex = 0; path = ScrollviewPaging.app; sourceTree = BUILT_PRODUCTS_DIR; };
		2935582A25D6A5EA00A73A15 /* AppDelegate.swift */ = {isa = PBXFileReference; lastKnownFileType = sourcecode.swift; path = AppDelegate.swift; sourceTree = "<group>"; };
		2935582C25D6A5EA00A73A15 /* SceneDelegate.swift */ = {isa = PBXFileReference; lastKnownFileType = sourcecode.swift; path = SceneDelegate.swift; sourceTree = "<group>"; };
		2935582E25D6A5EA00A73A15 /* ViewController.swift */ = {isa = PBXFileReference; lastKnownFileType = sourcecode.swift; path = ViewController.swift; sourceTree = "<group>"; };
		2935583125D6A5EA00A73A15 /* Base */ = {isa = PBXFileReference; lastKnownFileType = file.storyboard; name = Base; path = Base.lproj/Main.storyboard; sourceTree = "<group>"; };
		2935583325D6A5EE00A73A15 /* Assets.xcassets */ = {isa = PBXFileReference; lastKnownFileType = folder.assetcatalog; path = Assets.xcassets; sourceTree = "<group>"; };
		2935583625D6A5EE00A73A15 /* Base */ = {isa = PBXFileReference; lastKnownFileType = file.storyboard; name = Base; path = Base.lproj/LaunchScreen.storyboard; sourceTree = "<group>"; };
		2935583825D6A5EE00A73A15 /* Info.plist */ = {isa = PBXFileReference; lastKnownFileType = text.plist.xml; path = Info.plist; sourceTree = "<group>"; };
		2935583D25D6A5EF00A73A15 /* ScrollviewPagingTests.xctest */ = {isa = PBXFileReference; explicitFileType = wrapper.cfbundle; includeInIndex = 0; path = ScrollviewPagingTests.xctest; sourceTree = BUILT_PRODUCTS_DIR; };
		2935584125D6A5EF00A73A15 /* ScrollviewPagingTests.swift */ = {isa = PBXFileReference; lastKnownFileType = sourcecode.swift; path = ScrollviewPagingTests.swift; sourceTree = "<group>"; };
		2935584325D6A5EF00A73A15 /* Info.plist */ = {isa = PBXFileReference; lastKnownFileType = text.plist.xml; path = Info.plist; sourceTree = "<group>"; };
		2935584825D6A5EF00A73A15 /* ScrollviewPagingUITests.xctest */ = {isa = PBXFileReference; explicitFileType = wrapper.cfbundle; includeInIndex = 0; path = ScrollviewPagingUITests.xctest; sourceTree = BUILT_PRODUCTS_DIR; };
		2935584C25D6A5EF00A73A15 /* ScrollviewPagingUITests.swift */ = {isa = PBXFileReference; lastKnownFileType = sourcecode.swift; path = ScrollviewPagingUITests.swift; sourceTree = "<group>"; };
		2935584E25D6A5EF00A73A15 /* Info.plist */ = {isa = PBXFileReference; lastKnownFileType = text.plist.xml; path = Info.plist; sourceTree = "<group>"; };
/* End PBXFileReference section */

/* Begin PBXFrameworksBuildPhase section */
		2935582425D6A5EA00A73A15 /* Frameworks */ = {
			isa = PBXFrameworksBuildPhase;
			buildActionMask = 2147483647;
			files = (
			);
			runOnlyForDeploymentPostprocessing = 0;
		};
		2935583A25D6A5EF00A73A15 /* Frameworks */ = {
			isa = PBXFrameworksBuildPhase;
			buildActionMask = 2147483647;
			files = (
			);
			runOnlyForDeploymentPostprocessing = 0;
		};
		2935584525D6A5EF00A73A15 /* Frameworks */ = {
			isa = PBXFrameworksBuildPhase;
			buildActionMask = 2147483647;
			files = (
			);
			runOnlyForDeploymentPostprocessing = 0;
		};
/* End PBXFrameworksBuildPhase section */

/* Begin PBXGroup section */
		2935581E25D6A5EA00A73A15 = {
			isa = PBXGroup;
			children = (
				2935582925D6A5EA00A73A15 /* ScrollviewPaging */,
				2935584025D6A5EF00A73A15 /* ScrollviewPagingTests */,
				2935584B25D6A5EF00A73A15 /* ScrollviewPagingUITests */,
				2935582825D6A5EA00A73A15 /* Products */,
			);
			sourceTree = "<group>";
		};
		2935582825D6A5EA00A73A15 /* Products */ = {
			isa = PBXGroup;
			children = (
				2935582725D6A5EA00A73A15 /* ScrollviewPaging.app */,
				2935583D25D6A5EF00A73A15 /* ScrollviewPagingTests.xctest */,
				2935584825D6A5EF00A73A15 /* ScrollviewPagingUITests.xctest */,
			);
			name = Products;
			sourceTree = "<group>";
		};
		2935582925D6A5EA00A73A15 /* ScrollviewPaging */ = {
			isa = PBXGroup;
			children = (
				2935582A25D6A5EA00A73A15 /* AppDelegate.swift */,
				2935582C25D6A5EA00A73A15 /* SceneDelegate.swift */,
				2935582E25D6A5EA00A73A15 /* ViewController.swift */,
				2935583025D6A5EA00A73A15 /* Main.storyboard */,
				2935583325D6A5EE00A73A15 /* Assets.xcassets */,
				2935583525D6A5EE00A73A15 /* LaunchScreen.storyboard */,
				2935583825D6A5EE00A73A15 /* Info.plist */,
			);
			path = ScrollviewPaging;
			sourceTree = "<group>";
		};
		2935584025D6A5EF00A73A15 /* ScrollviewPagingTests */ = {
			isa = PBXGroup;
			children = (
				2935584125D6A5EF00A73A15 /* ScrollviewPagingTests.swift */,
				2935584325D6A5EF00A73A15 /* Info.plist */,
			);
			path = ScrollviewPagingTests;
			sourceTree = "<group>";
		};
		2935584B25D6A5EF00A73A15 /* ScrollviewPagingUITests */ = {
			isa = PBXGroup;
			children = (
				2935584C25D6A5EF00A73A15 /* ScrollviewPagingUITests.swift */,
				2935584E25D6A5EF00A73A15 /* Info.plist */,
			);
			path = ScrollviewPagingUITests;
			sourceTree = "<group>";
		};
/* End PBXGroup section */

/* Begin PBXNativeTarget section */
		2935582625D6A5EA00A73A15 /* ScrollviewPaging */ = {
			isa = PBXNativeTarget;
			buildConfigurationList = 2935585125D6A5EF00A73A15 /* Build configuration list for PBXNativeTarget "ScrollviewPaging" */;
			buildPhases = (
				2935582325D6A5EA00A73A15 /* Sources */,
				2935582425D6A5EA00A73A15 /* Frameworks */,
				2935582525D6A5EA00A73A15 /* Resources */,
			);
			buildRules = (
			);
			dependencies = (
			);
			name = ScrollviewPaging;
			productName = ScrollviewPaging;
			productReference = 2935582725D6A5EA00A73A15 /* ScrollviewPaging.app */;
			productType = "com.apple.product-type.application";
		};
		2935583C25D6A5EF00A73A15 /* ScrollviewPagingTests */ = {
			isa = PBXNativeTarget;
			buildConfigurationList = 2935585425D6A5EF00A73A15 /* Build configuration list for PBXNativeTarget "ScrollviewPagingTests" */;
			buildPhases = (
				2935583925D6A5EF00A73A15 /* Sources */,
				2935583A25D6A5EF00A73A15 /* Frameworks */,
				2935583B25D6A5EF00A73A15 /* Resources */,
			);
			buildRules = (
			);
			dependencies = (
				2935583F25D6A5EF00A73A15 /* PBXTargetDependency */,
			);
			name = ScrollviewPagingTests;
			productName = ScrollviewPagingTests;
			productReference = 2935583D25D6A5EF00A73A15 /* ScrollviewPagingTests.xctest */;
			productType = "com.apple.product-type.bundle.unit-test";
		};
		2935584725D6A5EF00A73A15 /* ScrollviewPagingUITests */ = {
			isa = PBXNativeTarget;
			buildConfigurationList = 2935585725D6A5EF00A73A15 /* Build configuration list for PBXNativeTarget "ScrollviewPagingUITests" */;
			buildPhases = (
				2935584425D6A5EF00A73A15 /* Sources */,
				2935584525D6A5EF00A73A15 /* Frameworks */,
				2935584625D6A5EF00A73A15 /* Resources */,
			);
			buildRules = (
			);
			dependencies = (
				2935584A25D6A5EF00A73A15 /* PBXTargetDependency */,
			);
			name = ScrollviewPagingUITests;
			productName = ScrollviewPagingUITests;
			productReference = 2935584825D6A5EF00A73A15 /* ScrollviewPagingUITests.xctest */;
			productType = "com.apple.product-type.bundle.ui-testing";
		};
/* End PBXNativeTarget section */

/* Begin PBXProject section */
		2935581F25D6A5EA00A73A15 /* Project object */ = {
			isa = PBXProject;
			attributes = {
				LastSwiftUpdateCheck = 1230;
				LastUpgradeCheck = 1230;
				TargetAttributes = {
					2935582625D6A5EA00A73A15 = {
						CreatedOnToolsVersion = 12.3;
					};
					2935583C25D6A5EF00A73A15 = {
						CreatedOnToolsVersion = 12.3;
						TestTargetID = 2935582625D6A5EA00A73A15;
					};
					2935584725D6A5EF00A73A15 = {
						CreatedOnToolsVersion = 12.3;
						TestTargetID = 2935582625D6A5EA00A73A15;
					};
				};
			};
			buildConfigurationList = 2935582225D6A5EA00A73A15 /* Build configuration list for PBXProject "ScrollviewPaging" */;
			compatibilityVersion = "Xcode 9.3";
			developmentRegion = en;
			hasScannedForEncodings = 0;
			knownRegions = (
				en,
				Base,
			);
			mainGroup = 2935581E25D6A5EA00A73A15;
			productRefGroup = 2935582825D6A5EA00A73A15 /* Products */;
			projectDirPath = "";
			projectRoot = "";
			targets = (
				2935582625D6A5EA00A73A15 /* ScrollviewPaging */,
				2935583C25D6A5EF00A73A15 /* ScrollviewPagingTests */,
				2935584725D6A5EF00A73A15 /* ScrollviewPagingUITests */,
			);
		};
/* End PBXProject section */

/* Begin PBXResourcesBuildPhase section */
		2935582525D6A5EA00A73A15 /* Resources */ = {
			isa = PBXResourcesBuildPhase;
			buildActionMask = 2147483647;
			files = (
				2935583725D6A5EE00A73A15 /* LaunchScreen.storyboard in Resources */,
				2935583425D6A5EE00A73A15 /* Assets.xcassets in Resources */,
				2935583225D6A5EA00A73A15 /* Main.storyboard in Resources */,
			);
			runOnlyForDeploymentPostprocessing = 0;
		};
		2935583B25D6A5EF00A73A15 /* Resources */ = {
			isa = PBXResourcesBuildPhase;
			buildActionMask = 2147483647;
			files = (
			);
			runOnlyForDeploymentPostprocessing = 0;
		};
		2935584625D6A5EF00A73A15 /* Resources */ = {
			isa = PBXResourcesBuildPhase;
			buildActionMask = 2147483647;
			files = (
			);
			runOnlyForDeploymentPostprocessing = 0;
		};
/* End PBXResourcesBuildPhase section */

/* Begin PBXSourcesBuildPhase section */
		2935582325D6A5EA00A73A15 /* Sources */ = {
			isa = PBXSourcesBuildPhase;
			buildActionMask = 2147483647;
			files = (
				2935582F25D6A5EA00A73A15 /* ViewController.swift in Sources */,
				2935582B25D6A5EA00A73A15 /* AppDelegate.swift in Sources */,
				2935582D25D6A5EA00A73A15 /* SceneDelegate.swift in Sources */,
			);
			runOnlyForDeploymentPostprocessing = 0;
		};
		2935583925D6A5EF00A73A15 /* Sources */ = {
			isa = PBXSourcesBuildPhase;
			buildActionMask = 2147483647;
			files = (
				2935584225D6A5EF00A73A15 /* ScrollviewPagingTests.swift in Sources */,
			);
			runOnlyForDeploymentPostprocessing = 0;
		};
		2935584425D6A5EF00A73A15 /* Sources */ = {
			isa = PBXSourcesBuildPhase;
			buildActionMask = 2147483647;
			files = (
				2935584D25D6A5EF00A73A15 /* ScrollviewPagingUITests.swift in Sources */,
			);
			runOnlyForDeploymentPostprocessing = 0;
		};
/* End PBXSourcesBuildPhase section */

/* Begin PBXTargetDependency section */
		2935583F25D6A5EF00A73A15 /* PBXTargetDependency */ = {
			isa = PBXTargetDependency;
			target = 2935582625D6A5EA00A73A15 /* ScrollviewPaging */;
			targetProxy = 2935583E25D6A5EF00A73A15 /* PBXContainerItemProxy */;
		};
		2935584A25D6A5EF00A73A15 /* PBXTargetDependency */ = {
			isa = PBXTargetDependency;
			target = 2935582625D6A5EA00A73A15 /* ScrollviewPaging */;
			targetProxy = 2935584925D6A5EF00A73A15 /* PBXContainerItemProxy */;
		};
/* End PBXTargetDependency section */

/* Begin PBXVariantGroup section */
		2935583025D6A5EA00A73A15 /* Main.storyboard */ = {
			isa = PBXVariantGroup;
			children = (
				2935583125D6A5EA00A73A15 /* Base */,
			);
			name = Main.storyboard;
			sourceTree = "<group>";
		};
		2935583525D6A5EE00A73A15 /* LaunchScreen.storyboard */ = {
			isa = PBXVariantGroup;
			children = (
				2935583625D6A5EE00A73A15 /* Base */,
			);
			name = LaunchScreen.storyboard;
			sourceTree = "<group>";
		};
/* End PBXVariantGroup section */

/* Begin XCBuildConfiguration section */
		2935584F25D6A5EF00A73A15 /* Debug */ = {
			isa = XCBuildConfiguration;
			buildSettings = {
				ALWAYS_SEARCH_USER_PATHS = NO;
				CLANG_ANALYZER_NONNULL = YES;
				CLANG_ANALYZER_NUMBER_OBJECT_CONVERSION = YES_AGGRESSIVE;
				CLANG_CXX_LANGUAGE_STANDARD = "gnu++14";
				CLANG_CXX_LIBRARY = "libc++";
				CLANG_ENABLE_MODULES = YES;
				CLANG_ENABLE_OBJC_ARC = YES;
				CLANG_ENABLE_OBJC_WEAK = YES;
				CLANG_WARN_BLOCK_CAPTURE_AUTORELEASING = YES;
				CLANG_WARN_BOOL_CONVERSION = YES;
				CLANG_WARN_COMMA = YES;
				CLANG_WARN_CONSTANT_CONVERSION = YES;
				CLANG_WARN_DEPRECATED_OBJC_IMPLEMENTATIONS = YES;
				CLANG_WARN_DIRECT_OBJC_ISA_USAGE = YES_ERROR;
				CLANG_WARN_DOCUMENTATION_COMMENTS = YES;
				CLANG_WARN_EMPTY_BODY = YES;
				CLANG_WARN_ENUM_CONVERSION = YES;
				CLANG_WARN_INFINITE_RECURSION = YES;
				CLANG_WARN_INT_CONVERSION = YES;
				CLANG_WARN_NON_LITERAL_NULL_CONVERSION = YES;
				CLANG_WARN_OBJC_IMPLICIT_RETAIN_SELF = YES;
				CLANG_WARN_OBJC_LITERAL_CONVERSION = YES;
				CLANG_WARN_OBJC_ROOT_CLASS = YES_ERROR;
				CLANG_WARN_QUOTED_INCLUDE_IN_FRAMEWORK_HEADER = YES;
				CLANG_WARN_RANGE_LOOP_ANALYSIS = YES;
				CLANG_WARN_STRICT_PROTOTYPES = YES;
				CLANG_WARN_SUSPICIOUS_MOVE = YES;
				CLANG_WARN_UNGUARDED_AVAILABILITY = YES_AGGRESSIVE;
				CLANG_WARN_UNREACHABLE_CODE = YES;
				CLANG_WARN__DUPLICATE_METHOD_MATCH = YES;
				COPY_PHASE_STRIP = NO;
				DEBUG_INFORMATION_FORMAT = dwarf;
				ENABLE_STRICT_OBJC_MSGSEND = YES;
				ENABLE_TESTABILITY = YES;
				GCC_C_LANGUAGE_STANDARD = gnu11;
				GCC_DYNAMIC_NO_PIC = NO;
				GCC_NO_COMMON_BLOCKS = YES;
				GCC_OPTIMIZATION_LEVEL = 0;
				GCC_PREPROCESSOR_DEFINITIONS = (
					"DEBUG=1",
					"$(inherited)",
				);
				GCC_WARN_64_TO_32_BIT_CONVERSION = YES;
				GCC_WARN_ABOUT_RETURN_TYPE = YES_ERROR;
				GCC_WARN_UNDECLARED_SELECTOR = YES;
				GCC_WARN_UNINITIALIZED_AUTOS = YES_AGGRESSIVE;
				GCC_WARN_UNUSED_FUNCTION = YES;
				GCC_WARN_UNUSED_VARIABLE = YES;
				IPHONEOS_DEPLOYMENT_TARGET = 14.3;
				MTL_ENABLE_DEBUG_INFO = INCLUDE_SOURCE;
				MTL_FAST_MATH = YES;
				ONLY_ACTIVE_ARCH = YES;
				SDKROOT = iphoneos;
				SWIFT_ACTIVE_COMPILATION_CONDITIONS = DEBUG;
				SWIFT_OPTIMIZATION_LEVEL = "-Onone";
			};
			name = Debug;
		};
		2935585025D6A5EF00A73A15 /* Release */ = {
			isa = XCBuildConfiguration;
			buildSettings = {
				ALWAYS_SEARCH_USER_PATHS = NO;
				CLANG_ANALYZER_NONNULL = YES;
				CLANG_ANALYZER_NUMBER_OBJECT_CONVERSION = YES_AGGRESSIVE;
				CLANG_CXX_LANGUAGE_STANDARD = "gnu++14";
				CLANG_CXX_LIBRARY = "libc++";
				CLANG_ENABLE_MODULES = YES;
				CLANG_ENABLE_OBJC_ARC = YES;
				CLANG_ENABLE_OBJC_WEAK = YES;
				CLANG_WARN_BLOCK_CAPTURE_AUTORELEASING = YES;
				CLANG_WARN_BOOL_CONVERSION = YES;
				CLANG_WARN_COMMA = YES;
				CLANG_WARN_CONSTANT_CONVERSION = YES;
				CLANG_WARN_DEPRECATED_OBJC_IMPLEMENTATIONS = YES;
				CLANG_WARN_DIRECT_OBJC_ISA_USAGE = YES_ERROR;
				CLANG_WARN_DOCUMENTATION_COMMENTS = YES;
				CLANG_WARN_EMPTY_BODY = YES;
				CLANG_WARN_ENUM_CONVERSION = YES;
				CLANG_WARN_INFINITE_RECURSION = YES;
				CLANG_WARN_INT_CONVERSION = YES;
				CLANG_WARN_NON_LITERAL_NULL_CONVERSION = YES;
				CLANG_WARN_OBJC_IMPLICIT_RETAIN_SELF = YES;
				CLANG_WARN_OBJC_LITERAL_CONVERSION = YES;
				CLANG_WARN_OBJC_ROOT_CLASS = YES_ERROR;
				CLANG_WARN_QUOTED_INCLUDE_IN_FRAMEWORK_HEADER = YES;
				CLANG_WARN_RANGE_LOOP_ANALYSIS = YES;
				CLANG_WARN_STRICT_PROTOTYPES = YES;
				CLANG_WARN_SUSPICIOUS_MOVE = YES;
				CLANG_WARN_UNGUARDED_AVAILABILITY = YES_AGGRESSIVE;
				CLANG_WARN_UNREACHABLE_CODE = YES;
				CLANG_WARN__DUPLICATE_METHOD_MATCH = YES;
				COPY_PHASE_STRIP = NO;
				DEBUG_INFORMATION_FORMAT = "dwarf-with-dsym";
				ENABLE_NS_ASSERTIONS = NO;
				ENABLE_STRICT_OBJC_MSGSEND = YES;
				GCC_C_LANGUAGE_STANDARD = gnu11;
				GCC_NO_COMMON_BLOCKS = YES;
				GCC_WARN_64_TO_32_BIT_CONVERSION = YES;
				GCC_WARN_ABOUT_RETURN_TYPE = YES_ERROR;
				GCC_WARN_UNDECLARED_SELECTOR = YES;
				GCC_WARN_UNINITIALIZED_AUTOS = YES_AGGRESSIVE;
				GCC_WARN_UNUSED_FUNCTION = YES;
				GCC_WARN_UNUSED_VARIABLE = YES;
				IPHONEOS_DEPLOYMENT_TARGET = 14.3;
				MTL_ENABLE_DEBUG_INFO = NO;
				MTL_FAST_MATH = YES;
				SDKROOT = iphoneos;
				SWIFT_COMPILATION_MODE = wholemodule;
				SWIFT_OPTIMIZATION_LEVEL = "-O";
				VALIDATE_PRODUCT = YES;
			};
			name = Release;
		};
		2935585225D6A5EF00A73A15 /* Debug */ = {
			isa = XCBuildConfiguration;
			buildSettings = {
				ASSETCATALOG_COMPILER_APPICON_NAME = AppIcon;
				ASSETCATALOG_COMPILER_GLOBAL_ACCENT_COLOR_NAME = AccentColor;
				CODE_SIGN_STYLE = Automatic;
				DEVELOPMENT_TEAM = 469RK4A4GN;
				INFOPLIST_FILE = ScrollviewPaging/Info.plist;
				IPHONEOS_DEPLOYMENT_TARGET = 13.3;
				LD_RUNPATH_SEARCH_PATHS = (
					"$(inherited)",
					"@executable_path/Frameworks",
				);
				PRODUCT_BUNDLE_IDENTIFIER = com.ScrollviewPaging;
				PRODUCT_NAME = "$(TARGET_NAME)";
				SWIFT_VERSION = 5.0;
				TARGETED_DEVICE_FAMILY = "1,2";
			};
			name = Debug;
		};
		2935585325D6A5EF00A73A15 /* Release */ = {
			isa = XCBuildConfiguration;
			buildSettings = {
				ASSETCATALOG_COMPILER_APPICON_NAME = AppIcon;
				ASSETCATALOG_COMPILER_GLOBAL_ACCENT_COLOR_NAME = AccentColor;
				CODE_SIGN_STYLE = Automatic;
				DEVELOPMENT_TEAM = 469RK4A4GN;
				INFOPLIST_FILE = ScrollviewPaging/Info.plist;
				IPHONEOS_DEPLOYMENT_TARGET = 13.3;
				LD_RUNPATH_SEARCH_PATHS = (
					"$(inherited)",
					"@executable_path/Frameworks",
				);
				PRODUCT_BUNDLE_IDENTIFIER = com.ScrollviewPaging;
				PRODUCT_NAME = "$(TARGET_NAME)";
				SWIFT_VERSION = 5.0;
				TARGETED_DEVICE_FAMILY = "1,2";
			};
			name = Release;
		};
		2935585525D6A5EF00A73A15 /* Debug */ = {
			isa = XCBuildConfiguration;
			buildSettings = {
				ALWAYS_EMBED_SWIFT_STANDARD_LIBRARIES = YES;
				BUNDLE_LOADER = "$(TEST_HOST)";
				CODE_SIGN_STYLE = Automatic;
				INFOPLIST_FILE = ScrollviewPagingTests/Info.plist;
				IPHONEOS_DEPLOYMENT_TARGET = 14.3;
				LD_RUNPATH_SEARCH_PATHS = (
					"$(inherited)",
					"@executable_path/Frameworks",
					"@loader_path/Frameworks",
				);
				PRODUCT_BUNDLE_IDENTIFIER = com.ScrollviewPagingTests;
				PRODUCT_NAME = "$(TARGET_NAME)";
				SWIFT_VERSION = 5.0;
				TARGETED_DEVICE_FAMILY = "1,2";
				TEST_HOST = "$(BUILT_PRODUCTS_DIR)/ScrollviewPaging.app/ScrollviewPaging";
			};
			name = Debug;
		};
		2935585625D6A5EF00A73A15 /* Release */ = {
			isa = XCBuildConfiguration;
			buildSettings = {
				ALWAYS_EMBED_SWIFT_STANDARD_LIBRARIES = YES;
				BUNDLE_LOADER = "$(TEST_HOST)";
				CODE_SIGN_STYLE = Automatic;
				INFOPLIST_FILE = ScrollviewPagingTests/Info.plist;
				IPHONEOS_DEPLOYMENT_TARGET = 14.3;
				LD_RUNPATH_SEARCH_PATHS = (
					"$(inherited)",
					"@executable_path/Frameworks",
					"@loader_path/Frameworks",
				);
				PRODUCT_BUNDLE_IDENTIFIER = com.ScrollviewPagingTests;
				PRODUCT_NAME = "$(TARGET_NAME)";
				SWIFT_VERSION = 5.0;
				TARGETED_DEVICE_FAMILY = "1,2";
				TEST_HOST = "$(BUILT_PRODUCTS_DIR)/ScrollviewPaging.app/ScrollviewPaging";
			};
			name = Release;
		};
		2935585825D6A5EF00A73A15 /* Debug */ = {
			isa = XCBuildConfiguration;
			buildSettings = {
				ALWAYS_EMBED_SWIFT_STANDARD_LIBRARIES = YES;
				CODE_SIGN_STYLE = Automatic;
				INFOPLIST_FILE = ScrollviewPagingUITests/Info.plist;
				LD_RUNPATH_SEARCH_PATHS = (
					"$(inherited)",
					"@executable_path/Frameworks",
					"@loader_path/Frameworks",
				);
				PRODUCT_BUNDLE_IDENTIFIER = com.ScrollviewPagingUITests;
				PRODUCT_NAME = "$(TARGET_NAME)";
				SWIFT_VERSION = 5.0;
				TARGETED_DEVICE_FAMILY = "1,2";
				TEST_TARGET_NAME = ScrollviewPaging;
			};
			name = Debug;
		};
		2935585925D6A5EF00A73A15 /* Release */ = {
			isa = XCBuildConfiguration;
			buildSettings = {
				ALWAYS_EMBED_SWIFT_STANDARD_LIBRARIES = YES;
				CODE_SIGN_STYLE = Automatic;
				INFOPLIST_FILE = ScrollviewPagingUITests/Info.plist;
				LD_RUNPATH_SEARCH_PATHS = (
					"$(inherited)",
					"@executable_path/Frameworks",
					"@loader_path/Frameworks",
				);
				PRODUCT_BUNDLE_IDENTIFIER = com.ScrollviewPagingUITests;
				PRODUCT_NAME = "$(TARGET_NAME)";
				SWIFT_VERSION = 5.0;
				TARGETED_DEVICE_FAMILY = "1,2";
				TEST_TARGET_NAME = ScrollviewPaging;
			};
			name = Release;
		};
/* End XCBuildConfiguration section */

/* Begin XCConfigurationList section */
		2935582225D6A5EA00A73A15 /* Build configuration list for PBXProject "ScrollviewPaging" */ = {
			isa = XCConfigurationList;
			buildConfigurations = (
				2935584F25D6A5EF00A73A15 /* Debug */,
				2935585025D6A5EF00A73A15 /* Release */,
			);
			defaultConfigurationIsVisible = 0;
			defaultConfigurationName = Release;
		};
		2935585125D6A5EF00A73A15 /* Build configuration list for PBXNativeTarget "ScrollviewPaging" */ = {
			isa = XCConfigurationList;
			buildConfigurations = (
				2935585225D6A5EF00A73A15 /* Debug */,
				2935585325D6A5EF00A73A15 /* Release */,
			);
			defaultConfigurationIsVisible = 0;
			defaultConfigurationName = Release;
		};
		2935585425D6A5EF00A73A15 /* Build configuration list for PBXNativeTarget "ScrollviewPagingTests" */ = {
			isa = XCConfigurationList;
			buildConfigurations = (
				2935585525D6A5EF00A73A15 /* Debug */,
				2935585625D6A5EF00A73A15 /* Release */,
			);
			defaultConfigurationIsVisible = 0;
			defaultConfigurationName = Release;
		};
		2935585725D6A5EF00A73A15 /* Build configuration list for PBXNativeTarget "ScrollviewPagingUITests" */ = {
			isa = XCConfigurationList;
			buildConfigurations = (
				2935585825D6A5EF00A73A15 /* Debug */,
				2935585925D6A5EF00A73A15 /* Release */,
			);
			defaultConfigurationIsVisible = 0;
			defaultConfigurationName = Release;
		};
/* End XCConfigurationList section */
	};
	rootObject = 2935581F25D6A5EA00A73A15 /* Project object */;
}
